
Microsoft Visual Studio Solution File, Format Version 12.00
# Visual Studio 15
VisualStudioVersion = 15.0.28010.2050
MinimumVisualStudioVersion = 10.0.40219.1
Project("{9A19103F-16F7-4668-BE54-9A1E7A4F7556}") = "AWSRekonition", "AWSRekonition\AWSRekonition.csproj", "{BE3562FD-B945-4B64-9FE5-23A6AEA87C5E}"
EndProject
Project("{9A19103F-16F7-4668-BE54-9A1E7A4F7556}") = "WebApi", "WebApi\WebApi.csproj", "{18CB6054-15A6-4935-A333-859ED7F18CA4}"
EndProject
Project("{E24C65DC-7377-472B-9ABA-BC803B73C61A}") = "WebSite", "WebSite\", "{8AA9B51D-CB64-44B7-94DA-BD45685D5133}"
	ProjectSection(WebsiteProperties) = preProject
		TargetFrameworkMoniker = ".NETFramework,Version%3Dv4.0"
		Debug.AspNetCompiler.VirtualPath = "/localhost_60906"
		Debug.AspNetCompiler.PhysicalPath = "WebSite\"
		Debug.AspNetCompiler.TargetPath = "PrecompiledWeb\localhost_60906\"
		Debug.AspNetCompiler.Updateable = "true"
		Debug.AspNetCompiler.ForceOverwrite = "true"
		Debug.AspNetCompiler.FixedNames = "false"
		Debug.AspNetCompiler.Debug = "True"
		Release.AspNetCompiler.VirtualPath = "/localhost_60906"
		Release.AspNetCompiler.PhysicalPath = "WebSite\"
		Release.AspNetCompiler.TargetPath = "PrecompiledWeb\localhost_60906\"
		Release.AspNetCompiler.Updateable = "true"
		Release.AspNetCompiler.ForceOverwrite = "true"
		Release.AspNetCompiler.FixedNames = "false"
		Release.AspNetCompiler.Debug = "False"
		VWDPort = "60906"
		SlnRelativePath = "WebSite\"
	EndProjectSection
EndProject
Global
	GlobalSection(SolutionConfigurationPlatforms) = preSolution
		Debug|Any CPU = Debug|Any CPU
		Release|Any CPU = Release|Any CPU
	EndGlobalSection
	GlobalSection(ProjectConfigurationPlatforms) = postSolution
		{BE3562FD-B945-4B64-9FE5-23A6AEA87C5E}.Debug|Any CPU.ActiveCfg = Debug|Any CPU
		{BE3562FD-B945-4B64-9FE5-23A6AEA87C5E}.Debug|Any CPU.Build.0 = Debug|Any CPU
		{BE3562FD-B945-4B64-9FE5-23A6AEA87C5E}.Release|Any CPU.ActiveCfg = Release|Any CPU
		{BE3562FD-B945-4B64-9FE5-23A6AEA87C5E}.Release|Any CPU.Build.0 = Release|Any CPU
		{18CB6054-15A6-4935-A333-859ED7F18CA4}.Debug|Any CPU.ActiveCfg = Debug|Any CPU
		{18CB6054-15A6-4935-A333-859ED7F18CA4}.Debug|Any CPU.Build.0 = Debug|Any CPU
		{18CB6054-15A6-4935-A333-859ED7F18CA4}.Release|Any CPU.ActiveCfg = Release|Any CPU
		{18CB6054-15A6-4935-A333-859ED7F18CA4}.Release|Any CPU.Build.0 = Release|Any CPU
		{8AA9B51D-CB64-44B7-94DA-BD45685D5133}.Debug|Any CPU.ActiveCfg = Debug|Any CPU
		{8AA9B51D-CB64-44B7-94DA-BD45685D5133}.Debug|Any CPU.Build.0 = Debug|Any CPU
		{8AA9B51D-CB64-44B7-94DA-BD45685D5133}.Release|Any CPU.ActiveCfg = Debug|Any CPU
		{8AA9B51D-CB64-44B7-94DA-BD45685D5133}.Release|Any CPU.Build.0 = Debug|Any CPU
	EndGlobalSection
	GlobalSection(SolutionProperties) = preSolution
		HideSolutionNode = FALSE
	EndGlobalSection
	GlobalSection(ExtensibilityGlobals) = postSolution
		SolutionGuid = {98CA672B-365C-4283-8449-BD0B4F7F0008}
	EndGlobalSection
EndGlobal
